{
  "version": 2,
  "dependencies": {
    "net8.0": {
      "JsonSchema.Net": {
        "type": "Direct",
        "requested": "[9.0.0, )",
        "resolved": "9.0.0",
        "contentHash": "rGa8+OIvK9HdRduVTKrTTKTCWmPEcMgwOWXOzhDoJWirY8flz9cOVuJv21XyotDZBKAMWxnysr3E5AN1tMXubQ==",
        "dependencies": {
          "JsonPointer.Net": "7.0.0"
        }
      },
      "Humanizer.Core": {
        "type": "Transitive",
        "resolved": "2.14.1",
        "contentHash": "lQKvtaTDOXnoVJ20ibTuSIOf2i0uO0MPbDhd1jm238I+U/2ZnRENj0cktKZhtchBMtCUSRQ5v4xBCUbKNmyVMw=="
      },
      "Json.More.Net": {
        "type": "Transitive",
        "resolved": "3.0.0",
        "contentHash": "+kj2dE04clW9+Bw4GoEVBFdLSiOKwLEkiiGbX+CK860DbytCtpD0QA68cEQISMnIrxyxQPw5gQAra22WCnRPUA=="
      },
      "JsonPointer.Net": {
        "type": "Transitive",
        "resolved": "7.0.0",
        "contentHash": "jdnFo5huuJDB3ASWIkD0F9Ntf+9nOtRbsIp4VqRlHbTW9LxpBBMRKQhQJxPtIFAhNVS55aAsMb78TB+LK29CqQ==",
        "dependencies": {
          "Humanizer.Core": "2.14.1",
          "Json.More.Net": "3.0.0"
        }
      },
      "floodline.core": {
        "type": "Project",
        "dependencies": {
          "System.Text.Json": "[8.0.5, )"
        }
      },
      "System.Text.Json": {
        "type": "CentralTransitive",
        "requested": "[8.0.5, )",
        "resolved": "8.0.5",
        "contentHash": "0f1B50Ss7rqxXiaBJyzUu9bWFOO2/zSlifZ/UNMdiIpDYe4cY4LQQicP4nirK1OS31I43rn062UIJ1Q9bpmHpg=="
      }
    }
  }
}